
Microsoft Visual Studio Solution File, Format Version 12.00
# Visual Studio 2013
VisualStudioVersion = 12.0.31101.0
MinimumVisualStudioVersion = 10.0.40219.1
Project("{FAE04EC0-301F-11D3-BF4B-00C04F79EFBC}") = "Chsarp", "Mixed\Chsarp.csproj", "{5DD1901B-5681-481C-AC9D-6A170A685EE2}"
EndProject
Project("{8BC9CEB8-8B4A-11D0-8D11-00A0C91BC942}") = "mfoo", "mfoo\mfoo.vcxproj", "{348470BB-5E93-4EDF-B4A2-FEDAAB973712}"
EndProject
Global
	GlobalSection(TeamFoundationVersionControl) = preSolution
		SccNumberOfProjects = 3
		SccEnterpriseProvider = {4CA58AB2-18FA-4F8D-95D4-32DDF27D184C}
		SccTeamFoundationServer = https://edetoc.visualstudio.com/defaultcollection
		SccLocalPath0 = .
		SccProjectUniqueName1 = mfoo\\mfoo.vcxproj
		SccProjectName1 = mfoo
		SccLocalPath1 = mfoo
		SccProjectUniqueName2 = Mixed\\Chsarp.csproj
		SccProjectName2 = Mixed
		SccLocalPath2 = Mixed
	EndGlobalSection
	GlobalSection(SolutionConfigurationPlatforms) = preSolution
		Debug|Any CPU = Debug|Any CPU
		Debug|Mixed Platforms = Debug|Mixed Platforms
		Debug|Win32 = Debug|Win32
		Debug|x86 = Debug|x86
		Release|Any CPU = Release|Any CPU
		Release|Mixed Platforms = Release|Mixed Platforms
		Release|Win32 = Release|Win32
		Release|x86 = Release|x86
	EndGlobalSection
	GlobalSection(ProjectConfigurationPlatforms) = postSolution
		{5DD1901B-5681-481C-AC9D-6A170A685EE2}.Debug|Any CPU.ActiveCfg = Debug|Any CPU
		{5DD1901B-5681-481C-AC9D-6A170A685EE2}.Debug|Any CPU.Build.0 = Debug|Any CPU
		{5DD1901B-5681-481C-AC9D-6A170A685EE2}.Debug|Mixed Platforms.ActiveCfg = Debug|Any CPU
		{5DD1901B-5681-481C-AC9D-6A170A685EE2}.Debug|Mixed Platforms.Build.0 = Debug|Any CPU
		{5DD1901B-5681-481C-AC9D-6A170A685EE2}.Debug|Win32.ActiveCfg = Debug|Any CPU
		{5DD1901B-5681-481C-AC9D-6A170A685EE2}.Debug|x86.ActiveCfg = Debug|x86
		{5DD1901B-5681-481C-AC9D-6A170A685EE2}.Debug|x86.Build.0 = Debug|x86
		{5DD1901B-5681-481C-AC9D-6A170A685EE2}.Release|Any CPU.ActiveCfg = Release|Any CPU
		{5DD1901B-5681-481C-AC9D-6A170A685EE2}.Release|Any CPU.Build.0 = Release|Any CPU
		{5DD1901B-5681-481C-AC9D-6A170A685EE2}.Release|Mixed Platforms.ActiveCfg = Release|Any CPU
		{5DD1901B-5681-481C-AC9D-6A170A685EE2}.Release|Mixed Platforms.Build.0 = Release|Any CPU
		{5DD1901B-5681-481C-AC9D-6A170A685EE2}.Release|Win32.ActiveCfg = Release|Any CPU
		{5DD1901B-5681-481C-AC9D-6A170A685EE2}.Release|x86.ActiveCfg = Release|x86
		{5DD1901B-5681-481C-AC9D-6A170A685EE2}.Release|x86.Build.0 = Release|x86
		{348470BB-5E93-4EDF-B4A2-FEDAAB973712}.Debug|Any CPU.ActiveCfg = Debug|Win32
		{348470BB-5E93-4EDF-B4A2-FEDAAB973712}.Debug|Mixed Platforms.ActiveCfg = Debug|Win32
		{348470BB-5E93-4EDF-B4A2-FEDAAB973712}.Debug|Mixed Platforms.Build.0 = Debug|Win32
		{348470BB-5E93-4EDF-B4A2-FEDAAB973712}.Debug|Win32.ActiveCfg = Debug|Win32
		{348470BB-5E93-4EDF-B4A2-FEDAAB973712}.Debug|Win32.Build.0 = Debug|Win32
		{348470BB-5E93-4EDF-B4A2-FEDAAB973712}.Debug|x86.ActiveCfg = Debug|Win32
		{348470BB-5E93-4EDF-B4A2-FEDAAB973712}.Debug|x86.Build.0 = Debug|Win32
		{348470BB-5E93-4EDF-B4A2-FEDAAB973712}.Release|Any CPU.ActiveCfg = Release|Win32
		{348470BB-5E93-4EDF-B4A2-FEDAAB973712}.Release|Mixed Platforms.ActiveCfg = Release|Win32
		{348470BB-5E93-4EDF-B4A2-FEDAAB973712}.Release|Mixed Platforms.Build.0 = Release|Win32
		{348470BB-5E93-4EDF-B4A2-FEDAAB973712}.Release|Win32.ActiveCfg = Release|Win32
		{348470BB-5E93-4EDF-B4A2-FEDAAB973712}.Release|Win32.Build.0 = Release|Win32
		{348470BB-5E93-4EDF-B4A2-FEDAAB973712}.Release|x86.ActiveCfg = Release|Win32
		{348470BB-5E93-4EDF-B4A2-FEDAAB973712}.Release|x86.Build.0 = Release|Win32
	EndGlobalSection
	GlobalSection(SolutionProperties) = preSolution
		HideSolutionNode = FALSE
	EndGlobalSection
EndGlobal
