
Microsoft Visual Studio Solution File, Format Version 12.00
# Visual Studio 2013
VisualStudioVersion = 12.0.31101.0
MinimumVisualStudioVersion = 10.0.40219.1
Project("{8BC9CEB8-8B4A-11D0-8D11-00A0C91BC942}") = "MathFuncsDll", "MathFuncsDll\MathFuncsDll.vcxproj", "{297186BF-675B-4392-A9C0-8865FDE3B1CC}"
EndProject
Project("{8BC9CEB8-8B4A-11D0-8D11-00A0C91BC942}") = "MathFuncsConsumerA", "MyExecRefsDll\MyExecRefsDll.vcxproj", "{BE520E25-7218-4D24-BB6F-2EF0F776AAB2}"
EndProject
Project("{8BC9CEB8-8B4A-11D0-8D11-00A0C91BC942}") = "MathFuncsConsumerB", "MathFuncsConsumerB\MathFuncsConsumerB.vcxproj", "{1F9DD4F4-A9DF-4D67-8BA1-3BB7A0DEB1E3}"
EndProject
Global
	GlobalSection(TeamFoundationVersionControl) = preSolution
		SccNumberOfProjects = 4
		SccEnterpriseProvider = {4CA58AB2-18FA-4F8D-95D4-32DDF27D184C}
		SccTeamFoundationServer = https://edetoc.visualstudio.com/defaultcollection
		SccLocalPath0 = .
		SccProjectUniqueName1 = MathFuncsConsumerB\\MathFuncsConsumerB.vcxproj
		SccProjectName1 = MathFuncsConsumerB
		SccLocalPath1 = MathFuncsConsumerB
		SccProjectUniqueName2 = MathFuncsDll\\MathFuncsDll.vcxproj
		SccProjectName2 = MathFuncsDll
		SccLocalPath2 = MathFuncsDll
		SccProjectUniqueName3 = MyExecRefsDll\\MyExecRefsDll.vcxproj
		SccProjectName3 = MyExecRefsDll
		SccLocalPath3 = MyExecRefsDll
	EndGlobalSection
	GlobalSection(SolutionConfigurationPlatforms) = preSolution
		Debug|Win32 = Debug|Win32
		Release|Win32 = Release|Win32
	EndGlobalSection
	GlobalSection(ProjectConfigurationPlatforms) = postSolution
		{297186BF-675B-4392-A9C0-8865FDE3B1CC}.Debug|Win32.ActiveCfg = Debug|Win32
		{297186BF-675B-4392-A9C0-8865FDE3B1CC}.Debug|Win32.Build.0 = Debug|Win32
		{297186BF-675B-4392-A9C0-8865FDE3B1CC}.Release|Win32.ActiveCfg = Release|Win32
		{297186BF-675B-4392-A9C0-8865FDE3B1CC}.Release|Win32.Build.0 = Release|Win32
		{BE520E25-7218-4D24-BB6F-2EF0F776AAB2}.Debug|Win32.ActiveCfg = Debug|Win32
		{BE520E25-7218-4D24-BB6F-2EF0F776AAB2}.Debug|Win32.Build.0 = Debug|Win32
		{BE520E25-7218-4D24-BB6F-2EF0F776AAB2}.Release|Win32.ActiveCfg = Release|Win32
		{BE520E25-7218-4D24-BB6F-2EF0F776AAB2}.Release|Win32.Build.0 = Release|Win32
		{1F9DD4F4-A9DF-4D67-8BA1-3BB7A0DEB1E3}.Debug|Win32.ActiveCfg = Debug|Win32
		{1F9DD4F4-A9DF-4D67-8BA1-3BB7A0DEB1E3}.Debug|Win32.Build.0 = Debug|Win32
		{1F9DD4F4-A9DF-4D67-8BA1-3BB7A0DEB1E3}.Release|Win32.ActiveCfg = Release|Win32
		{1F9DD4F4-A9DF-4D67-8BA1-3BB7A0DEB1E3}.Release|Win32.Build.0 = Release|Win32
	EndGlobalSection
	GlobalSection(SolutionProperties) = preSolution
		HideSolutionNode = FALSE
	EndGlobalSection
EndGlobal
