
Microsoft Visual Studio Solution File, Format Version 12.00
# Visual Studio 15
VisualStudioVersion = 15.0.26730.16
MinimumVisualStudioVersion = 10.0.40219.1
Project("{8BC9CEB8-8B4A-11D0-8D11-00A0C91BC942}") = "CreateLocalSystemProcessFromLocalSystem", "CreateLocalSystemProcessFromLocalSystem\CreateLocalSystemProcessFromLocalSystem.vcxproj", "{EF584B41-6915-4A13-BA52-A35D2F32CF09}"
EndProject
Global
	GlobalSection(SolutionConfigurationPlatforms) = preSolution
		Debug|x64 = Debug|x64
		Debug|x86 = Debug|x86
		Release|x64 = Release|x64
		Release|x86 = Release|x86
	EndGlobalSection
	GlobalSection(ProjectConfigurationPlatforms) = postSolution
		{EF584B41-6915-4A13-BA52-A35D2F32CF09}.Debug|x64.ActiveCfg = Debug|x64
		{EF584B41-6915-4A13-BA52-A35D2F32CF09}.Debug|x64.Build.0 = Debug|x64
		{EF584B41-6915-4A13-BA52-A35D2F32CF09}.Debug|x86.ActiveCfg = Debug|Win32
		{EF584B41-6915-4A13-BA52-A35D2F32CF09}.Debug|x86.Build.0 = Debug|Win32
		{EF584B41-6915-4A13-BA52-A35D2F32CF09}.Release|x64.ActiveCfg = Release|x64
		{EF584B41-6915-4A13-BA52-A35D2F32CF09}.Release|x64.Build.0 = Release|x64
		{EF584B41-6915-4A13-BA52-A35D2F32CF09}.Release|x86.ActiveCfg = Release|Win32
		{EF584B41-6915-4A13-BA52-A35D2F32CF09}.Release|x86.Build.0 = Release|Win32
	EndGlobalSection
	GlobalSection(SolutionProperties) = preSolution
		HideSolutionNode = FALSE
	EndGlobalSection
	GlobalSection(ExtensibilityGlobals) = postSolution
		SolutionGuid = {99E937A3-EEC7-4A88-9E1A-020D0F22DDF6}
	EndGlobalSection
	GlobalSection(TeamFoundationVersionControl) = preSolution
		SccNumberOfProjects = 2
		SccEnterpriseProvider = {4CA58AB2-18FA-4F8D-95D4-32DDF27D184C}
		SccTeamFoundationServer = https://edetoc.visualstudio.com/
		SccLocalPath0 = .
		SccProjectUniqueName1 = CreateLocalSystemProcessFromLocalSystem\\CreateLocalSystemProcessFromLocalSystem.vcxproj
		SccProjectName1 = CreateLocalSystemProcessFromLocalSystem
		SccLocalPath1 = CreateLocalSystemProcessFromLocalSystem
	EndGlobalSection
EndGlobal
