
Microsoft Visual Studio Solution File, Format Version 12.00
# Visual Studio 2013
VisualStudioVersion = 12.0.30723.0
MinimumVisualStudioVersion = 10.0.40219.1
Project("{8BC9CEB8-8B4A-11D0-8D11-00A0C91BC942}") = "VirtualAllocSample", "VirtualAllocSample\VirtualAllocSample.vcxproj", "{E8AB18EF-41AF-4E23-BC15-FC861FAF8679}"
EndProject
Global
	GlobalSection(TeamFoundationVersionControl) = preSolution
		SccNumberOfProjects = 2
		SccEnterpriseProvider = {4CA58AB2-18FA-4F8D-95D4-32DDF27D184C}
		SccTeamFoundationServer = https://edetoc.visualstudio.com/defaultcollection
		SccLocalPath0 = .
		SccProjectUniqueName1 = VirtualAllocSample\\VirtualAllocSample.vcxproj
		SccProjectName1 = VirtualAllocSample
		SccLocalPath1 = VirtualAllocSample
	EndGlobalSection
	GlobalSection(SolutionConfigurationPlatforms) = preSolution
		Debug|Win32 = Debug|Win32
		Release|Win32 = Release|Win32
	EndGlobalSection
	GlobalSection(ProjectConfigurationPlatforms) = postSolution
		{E8AB18EF-41AF-4E23-BC15-FC861FAF8679}.Debug|Win32.ActiveCfg = Debug|Win32
		{E8AB18EF-41AF-4E23-BC15-FC861FAF8679}.Debug|Win32.Build.0 = Debug|Win32
		{E8AB18EF-41AF-4E23-BC15-FC861FAF8679}.Release|Win32.ActiveCfg = Release|Win32
		{E8AB18EF-41AF-4E23-BC15-FC861FAF8679}.Release|Win32.Build.0 = Release|Win32
	EndGlobalSection
	GlobalSection(SolutionProperties) = preSolution
		HideSolutionNode = FALSE
	EndGlobalSection
EndGlobal
