
Microsoft Visual Studio Solution File, Format Version 12.00
# Visual Studio Version 16
VisualStudioVersion = 16.0.29020.237
MinimumVisualStudioVersion = 10.0.40219.1
Project("{FAE04EC0-301F-11D3-BF4B-00C04F79EFBC}") = "CreateProcAsUser", "CreateProcAsUser\CreateProcAsUser.csproj", "{D16AA095-88AE-48B0-A29C-98000BBD61F3}"
EndProject
Global
	GlobalSection(SolutionConfigurationPlatforms) = preSolution
		Debug|Any CPU = Debug|Any CPU
		Release|Any CPU = Release|Any CPU
	EndGlobalSection
	GlobalSection(ProjectConfigurationPlatforms) = postSolution
		{D16AA095-88AE-48B0-A29C-98000BBD61F3}.Debug|Any CPU.ActiveCfg = Debug|Any CPU
		{D16AA095-88AE-48B0-A29C-98000BBD61F3}.Debug|Any CPU.Build.0 = Debug|Any CPU
		{D16AA095-88AE-48B0-A29C-98000BBD61F3}.Release|Any CPU.ActiveCfg = Release|Any CPU
		{D16AA095-88AE-48B0-A29C-98000BBD61F3}.Release|Any CPU.Build.0 = Release|Any CPU
	EndGlobalSection
	GlobalSection(SolutionProperties) = preSolution
		HideSolutionNode = FALSE
	EndGlobalSection
	GlobalSection(ExtensibilityGlobals) = postSolution
		SolutionGuid = {8B7D804F-ACE0-4ECD-9D5A-C64F821A1194}
	EndGlobalSection
EndGlobal
